<?xml version="1.0" encoding="utf-8"?>
<Project ToolsVersion="4.0" xmlns="http://schemas.microsoft.com/developer/msbuild/2003">
  <ItemGroup>
    <Filter Include="enums">
      <UniqueIdentifier>{b304f76c-b56e-42fa-ba4e-605b913b0e96}</UniqueIdentifier>
    </Filter>
    <Filter Include="httpclient">
      <UniqueIdentifier>{c09a0fe2-13f2-425a-8644-b7b70d6e15d6}</UniqueIdentifier>
    </Filter>
  </ItemGroup>
  <ItemGroup>
    <ClInclude Include="http\http.h">
      <Filter>httpclient</Filter>
    </ClInclude>
    <ClInclude Include="http\httplib.h">
      <Filter>httpclient</Filter>
    </ClInclude>
    <ClInclude Include="http\request.h">
      <Filter>httpclient</Filter>
    </ClInclude>
    <ClInclude Include="enums\requestType.h">
      <Filter>enums</Filter>
    </ClInclude>
    <ClInclude Include="enums\playMode.h">
      <Filter>enums</Filter>
    </ClInclude>
    <ClInclude Include="qt.bilibili.libs_global.h" />
    <ClInclude Include="logger.h" />
    <ClInclude Include="untils.h" />
  </ItemGroup>
  <ItemGroup>
    <None Include="packages.config" />
  </ItemGroup>
</Project>